<?xml version="1.0" encoding="utf-8"?>
<Project ToolsVersion="4.0" xmlns="http://schemas.microsoft.com/developer/msbuild/2003">
  <ItemGroup>
    <Filter Include="Source Files">
      <UniqueIdentifier>{4FC737F1-C7A5-4376-A066-2A32D752A2FF}</UniqueIdentifier>
      <Extensions>cpp;c;cc;cxx;c++;cppm;ixx;def;odl;idl;hpj;bat;asm;asmx</Extensions>
    </Filter>
    <Filter Include="Header Files">
      <UniqueIdentifier>{93995380-89BD-4b04-88EB-625FBE52EBFB}</UniqueIdentifier>
      <Extensions>h;hh;hpp;hxx;h++;hm;inl;inc;ipp;xsd</Extensions>
    </Filter>
    <Filter Include="Resource Files">
      <UniqueIdentifier>{67DA6AB6-F800-4c08-8B7A-83BB121AAD01}</UniqueIdentifier>
      <Extensions>rc;ico;cur;bmp;dlg;rc2;rct;bin;rgs;gif;jpg;jpeg;jpe;resx;tiff;tif;png;wav;mfcribbon-ms</Extensions>
    </Filter>
    <Filter Include="Header Files\msvc-compat">
      <UniqueIdentifier>{fa2163f4-c1ac-45ea-8df0-303c27542459}</UniqueIdentifier>
    </Filter>
    <Filter Include="Header Files\vlc-sdk">
      <UniqueIdentifier>{f74fa300-47e6-4adc-b639-bbd380702aa2}</UniqueIdentifier>
    </Filter>
    <Filter Include="Header Files\vlc-sdk\plugins">
      <UniqueIdentifier>{454f635b-ae5f-456c-b5e0-45e2e8536191}</UniqueIdentifier>
    </Filter>
  </ItemGroup>
  <ItemGroup>
    <ClCompile Include="module.cpp">
      <Filter>Source Files</Filter>
    </ClCompile>
  </ItemGroup>
  <ItemGroup>
    <ClInclude Include="msvc-compat\poll.h">
      <Filter>Header Files\msvc-compat</Filter>
    </ClInclude>
    <ClInclude Include="msvc-compat\types.h">
      <Filter>Header Files\msvc-compat</Filter>
    </ClInclude>
    <ClInclude Include="..\sdk\include\vlc\deprecated.h">
      <Filter>Header Files\vlc-sdk</Filter>
    </ClInclude>
    <ClInclude Include="..\sdk\include\vlc\libvlc.h">
      <Filter>Header Files\vlc-sdk</Filter>
    </ClInclude>
    <ClInclude Include="..\sdk\include\vlc\libvlc_dialog.h">
      <Filter>Header Files\vlc-sdk</Filter>
    </ClInclude>
    <ClInclude Include="..\sdk\include\vlc\libvlc_events.h">
      <Filter>Header Files\vlc-sdk</Filter>
    </ClInclude>
    <ClInclude Include="..\sdk\include\vlc\libvlc_media.h">
      <Filter>Header Files\vlc-sdk</Filter>
    </ClInclude>
    <ClInclude Include="..\sdk\include\vlc\libvlc_media_discoverer.h">
      <Filter>Header Files\vlc-sdk</Filter>
    </ClInclude>
    <ClInclude Include="..\sdk\include\vlc\libvlc_media_library.h">
      <Filter>Header Files\vlc-sdk</Filter>
    </ClInclude>
    <ClInclude Include="..\sdk\include\vlc\libvlc_media_list.h">
      <Filter>Header Files\vlc-sdk</Filter>
    </ClInclude>
    <ClInclude Include="..\sdk\include\vlc\libvlc_media_list_player.h">
      <Filter>Header Files\vlc-sdk</Filter>
    </ClInclude>
    <ClInclude Include="..\sdk\include\vlc\libvlc_media_player.h">
      <Filter>Header Files\vlc-sdk</Filter>
    </ClInclude>
    <ClInclude Include="..\sdk\include\vlc\libvlc_renderer_discoverer.h">
      <Filter>Header Files\vlc-sdk</Filter>
    </ClInclude>
    <ClInclude Include="..\sdk\include\vlc\libvlc_version.h">
      <Filter>Header Files\vlc-sdk</Filter>
    </ClInclude>
    <ClInclude Include="..\sdk\include\vlc\libvlc_vlm.h">
      <Filter>Header Files\vlc-sdk</Filter>
    </ClInclude>
    <ClInclude Include="..\sdk\include\vlc\vlc.h">
      <Filter>Header Files\vlc-sdk</Filter>
    </ClInclude>
    <ClInclude Include="..\sdk\include\vlc\plugins\vlc_about.h">
      <Filter>Header Files\vlc-sdk\plugins</Filter>
    </ClInclude>
    <ClInclude Include="..\sdk\include\vlc\plugins\vlc_access.h">
      <Filter>Header Files\vlc-sdk\plugins</Filter>
    </ClInclude>
    <ClInclude Include="..\sdk\include\vlc\plugins\vlc_actions.h">
      <Filter>Header Files\vlc-sdk\plugins</Filter>
    </ClInclude>
    <ClInclude Include="..\sdk\include\vlc\plugins\vlc_addons.h">
      <Filter>Header Files\vlc-sdk\plugins</Filter>
    </ClInclude>
    <ClInclude Include="..\sdk\include\vlc\plugins\vlc_aout.h">
      <Filter>Header Files\vlc-sdk\plugins</Filter>
    </ClInclude>
    <ClInclude Include="..\sdk\include\vlc\plugins\vlc_aout_volume.h">
      <Filter>Header Files\vlc-sdk\plugins</Filter>
    </ClInclude>
    <ClInclude Include="..\sdk\include\vlc\plugins\vlc_arrays.h">
      <Filter>Header Files\vlc-sdk\plugins</Filter>
    </ClInclude>
    <ClInclude Include="..\sdk\include\vlc\plugins\vlc_atomic.h">
      <Filter>Header Files\vlc-sdk\plugins</Filter>
    </ClInclude>
    <ClInclude Include="..\sdk\include\vlc\plugins\vlc_avcodec.h">
      <Filter>Header Files\vlc-sdk\plugins</Filter>
    </ClInclude>
    <ClInclude Include="..\sdk\include\vlc\plugins\vlc_bits.h">
      <Filter>Header Files\vlc-sdk\plugins</Filter>
    </ClInclude>
    <ClInclude Include="..\sdk\include\vlc\plugins\vlc_block.h">
      <Filter>Header Files\vlc-sdk\plugins</Filter>
    </ClInclude>
    <ClInclude Include="..\sdk\include\vlc\plugins\vlc_block_helper.h">
      <Filter>Header Files\vlc-sdk\plugins</Filter>
    </ClInclude>
    <ClInclude Include="..\sdk\include\vlc\plugins\vlc_boxes.h">
      <Filter>Header Files\vlc-sdk\plugins</Filter>
    </ClInclude>
    <ClInclude Include="..\sdk\include\vlc\plugins\vlc_charset.h">
      <Filter>Header Files\vlc-sdk\plugins</Filter>
    </ClInclude>
    <ClInclude Include="..\sdk\include\vlc\plugins\vlc_codec.h">
      <Filter>Header Files\vlc-sdk\plugins</Filter>
    </ClInclude>
    <ClInclude Include="..\sdk\include\vlc\plugins\vlc_common.h">
      <Filter>Header Files\vlc-sdk\plugins</Filter>
    </ClInclude>
    <ClInclude Include="..\sdk\include\vlc\plugins\vlc_config.h">
      <Filter>Header Files\vlc-sdk\plugins</Filter>
    </ClInclude>
    <ClInclude Include="..\sdk\include\vlc\plugins\vlc_config_cat.h">
      <Filter>Header Files\vlc-sdk\plugins</Filter>
    </ClInclude>
    <ClInclude Include="..\sdk\include\vlc\plugins\vlc_configuration.h">
      <Filter>Header Files\vlc-sdk\plugins</Filter>
    </ClInclude>
    <ClInclude Include="..\sdk\include\vlc\plugins\vlc_cpu.h">
      <Filter>Header Files\vlc-sdk\plugins</Filter>
    </ClInclude>
    <ClInclude Include="..\sdk\include\vlc\plugins\vlc_demux.h">
      <Filter>Header Files\vlc-sdk\plugins</Filter>
    </ClInclude>
    <ClInclude Include="..\sdk\include\vlc\plugins\vlc_dialog.h">
      <Filter>Header Files\vlc-sdk\plugins</Filter>
    </ClInclude>
    <ClInclude Include="..\sdk\include\vlc\plugins\vlc_epg.h">
      <Filter>Header Files\vlc-sdk\plugins</Filter>
    </ClInclude>
    <ClInclude Include="..\sdk\include\vlc\plugins\vlc_es.h">
      <Filter>Header Files\vlc-sdk\plugins</Filter>
    </ClInclude>
    <ClInclude Include="..\sdk\include\vlc\plugins\vlc_es_out.h">
      <Filter>Header Files\vlc-sdk\plugins</Filter>
    </ClInclude>
    <ClInclude Include="..\sdk\include\vlc\plugins\vlc_events.h">
      <Filter>Header Files\vlc-sdk\plugins</Filter>
    </ClInclude>
    <ClInclude Include="..\sdk\include\vlc\plugins\vlc_filter.h">
      <Filter>Header Files\vlc-sdk\plugins</Filter>
    </ClInclude>
    <ClInclude Include="..\sdk\include\vlc\plugins\vlc_fingerprinter.h">
      <Filter>Header Files\vlc-sdk\plugins</Filter>
    </ClInclude>
    <ClInclude Include="..\sdk\include\vlc\plugins\vlc_fourcc.h">
      <Filter>Header Files\vlc-sdk\plugins</Filter>
    </ClInclude>
    <ClInclude Include="..\sdk\include\vlc\plugins\vlc_fs.h">
      <Filter>Header Files\vlc-sdk\plugins</Filter>
    </ClInclude>
    <ClInclude Include="..\sdk\include\vlc\plugins\vlc_gcrypt.h">
      <Filter>Header Files\vlc-sdk\plugins</Filter>
    </ClInclude>
    <ClInclude Include="..\sdk\include\vlc\plugins\vlc_http.h">
      <Filter>Header Files\vlc-sdk\plugins</Filter>
    </ClInclude>
    <ClInclude Include="..\sdk\include\vlc\plugins\vlc_httpd.h">
      <Filter>Header Files\vlc-sdk\plugins</Filter>
    </ClInclude>
    <ClInclude Include="..\sdk\include\vlc\plugins\vlc_image.h">
      <Filter>Header Files\vlc-sdk\plugins</Filter>
    </ClInclude>
    <ClInclude Include="..\sdk\include\vlc\plugins\vlc_inhibit.h">
      <Filter>Header Files\vlc-sdk\plugins</Filter>
    </ClInclude>
    <ClInclude Include="..\sdk\include\vlc\plugins\vlc_input.h">
      <Filter>Header Files\vlc-sdk\plugins</Filter>
    </ClInclude>
    <ClInclude Include="..\sdk\include\vlc\plugins\vlc_input_item.h">
      <Filter>Header Files\vlc-sdk\plugins</Filter>
    </ClInclude>
    <ClInclude Include="..\sdk\include\vlc\plugins\vlc_interface.h">
      <Filter>Header Files\vlc-sdk\plugins</Filter>
    </ClInclude>
    <ClInclude Include="..\sdk\include\vlc\plugins\vlc_interrupt.h">
      <Filter>Header Files\vlc-sdk\plugins</Filter>
    </ClInclude>
    <ClInclude Include="..\sdk\include\vlc\plugins\vlc_keystore.h">
      <Filter>Header Files\vlc-sdk\plugins</Filter>
    </ClInclude>
    <ClInclude Include="..\sdk\include\vlc\plugins\vlc_main.h">
      <Filter>Header Files\vlc-sdk\plugins</Filter>
    </ClInclude>
    <ClInclude Include="..\sdk\include\vlc\plugins\vlc_md5.h">
      <Filter>Header Files\vlc-sdk\plugins</Filter>
    </ClInclude>
    <ClInclude Include="..\sdk\include\vlc\plugins\vlc_media_library.h">
      <Filter>Header Files\vlc-sdk\plugins</Filter>
    </ClInclude>
    <ClInclude Include="..\sdk\include\vlc\plugins\vlc_memstream.h">
      <Filter>Header Files\vlc-sdk\plugins</Filter>
    </ClInclude>
    <ClInclude Include="..\sdk\include\vlc\plugins\vlc_messages.h">
      <Filter>Header Files\vlc-sdk\plugins</Filter>
    </ClInclude>
    <ClInclude Include="..\sdk\include\vlc\plugins\vlc_meta.h">
      <Filter>Header Files\vlc-sdk\plugins</Filter>
    </ClInclude>
    <ClInclude Include="..\sdk\include\vlc\plugins\vlc_meta_fetcher.h">
      <Filter>Header Files\vlc-sdk\plugins</Filter>
    </ClInclude>
    <ClInclude Include="..\sdk\include\vlc\plugins\vlc_mime.h">
      <Filter>Header Files\vlc-sdk\plugins</Filter>
    </ClInclude>
    <ClInclude Include="..\sdk\include\vlc\plugins\vlc_modules.h">
      <Filter>Header Files\vlc-sdk\plugins</Filter>
    </ClInclude>
    <ClInclude Include="..\sdk\include\vlc\plugins\vlc_mouse.h">
      <Filter>Header Files\vlc-sdk\plugins</Filter>
    </ClInclude>
    <ClInclude Include="..\sdk\include\vlc\plugins\vlc_mtime.h">
      <Filter>Header Files\vlc-sdk\plugins</Filter>
    </ClInclude>
    <ClInclude Include="..\sdk\include\vlc\plugins\vlc_network.h">
      <Filter>Header Files\vlc-sdk\plugins</Filter>
    </ClInclude>
    <ClInclude Include="..\sdk\include\vlc\plugins\vlc_objects.h">
      <Filter>Header Files\vlc-sdk\plugins</Filter>
    </ClInclude>
    <ClInclude Include="..\sdk\include\vlc\plugins\vlc_opengl.h">
      <Filter>Header Files\vlc-sdk\plugins</Filter>
    </ClInclude>
    <ClInclude Include="..\sdk\include\vlc\plugins\vlc_picture.h">
      <Filter>Header Files\vlc-sdk\plugins</Filter>
    </ClInclude>
    <ClInclude Include="..\sdk\include\vlc\plugins\vlc_picture_fifo.h">
      <Filter>Header Files\vlc-sdk\plugins</Filter>
    </ClInclude>
    <ClInclude Include="..\sdk\include\vlc\plugins\vlc_picture_pool.h">
      <Filter>Header Files\vlc-sdk\plugins</Filter>
    </ClInclude>
    <ClInclude Include="..\sdk\include\vlc\plugins\vlc_playlist.h">
      <Filter>Header Files\vlc-sdk\plugins</Filter>
    </ClInclude>
    <ClInclude Include="..\sdk\include\vlc\plugins\vlc_plugin.h">
      <Filter>Header Files\vlc-sdk\plugins</Filter>
    </ClInclude>
    <ClInclude Include="..\sdk\include\vlc\plugins\vlc_probe.h">
      <Filter>Header Files\vlc-sdk\plugins</Filter>
    </ClInclude>
    <ClInclude Include="..\sdk\include\vlc\plugins\vlc_rand.h">
      <Filter>Header Files\vlc-sdk\plugins</Filter>
    </ClInclude>
    <ClInclude Include="..\sdk\include\vlc\plugins\vlc_renderer_discovery.h">
      <Filter>Header Files\vlc-sdk\plugins</Filter>
    </ClInclude>
    <ClInclude Include="..\sdk\include\vlc\plugins\vlc_services_discovery.h">
      <Filter>Header Files\vlc-sdk\plugins</Filter>
    </ClInclude>
    <ClInclude Include="..\sdk\include\vlc\plugins\vlc_sout.h">
      <Filter>Header Files\vlc-sdk\plugins</Filter>
    </ClInclude>
    <ClInclude Include="..\sdk\include\vlc\plugins\vlc_spu.h">
      <Filter>Header Files\vlc-sdk\plugins</Filter>
    </ClInclude>
    <ClInclude Include="..\sdk\include\vlc\plugins\vlc_stream.h">
      <Filter>Header Files\vlc-sdk\plugins</Filter>
    </ClInclude>
    <ClInclude Include="..\sdk\include\vlc\plugins\vlc_stream_extractor.h">
      <Filter>Header Files\vlc-sdk\plugins</Filter>
    </ClInclude>
    <ClInclude Include="..\sdk\include\vlc\plugins\vlc_strings.h">
      <Filter>Header Files\vlc-sdk\plugins</Filter>
    </ClInclude>
    <ClInclude Include="..\sdk\include\vlc\plugins\vlc_subpicture.h">
      <Filter>Header Files\vlc-sdk\plugins</Filter>
    </ClInclude>
    <ClInclude Include="..\sdk\include\vlc\plugins\vlc_text_style.h">
      <Filter>Header Files\vlc-sdk\plugins</Filter>
    </ClInclude>
    <ClInclude Include="..\sdk\include\vlc\plugins\vlc_threads.h">
      <Filter>Header Files\vlc-sdk\plugins</Filter>
    </ClInclude>
    <ClInclude Include="..\sdk\include\vlc\plugins\vlc_timestamp_helper.h">
      <Filter>Header Files\vlc-sdk\plugins</Filter>
    </ClInclude>
    <ClInclude Include="..\sdk\include\vlc\plugins\vlc_tls.h">
      <Filter>Header Files\vlc-sdk\plugins</Filter>
    </ClInclude>
    <ClInclude Include="..\sdk\include\vlc\plugins\vlc_url.h">
      <Filter>Header Files\vlc-sdk\plugins</Filter>
    </ClInclude>
    <ClInclude Include="..\sdk\include\vlc\plugins\vlc_variables.h">
      <Filter>Header Files\vlc-sdk\plugins</Filter>
    </ClInclude>
    <ClInclude Include="..\sdk\include\vlc\plugins\vlc_video_splitter.h">
      <Filter>Header Files\vlc-sdk\plugins</Filter>
    </ClInclude>
    <ClInclude Include="..\sdk\include\vlc\plugins\vlc_viewpoint.h">
      <Filter>Header Files\vlc-sdk\plugins</Filter>
    </ClInclude>
    <ClInclude Include="..\sdk\include\vlc\plugins\vlc_vlm.h">
      <Filter>Header Files\vlc-sdk\plugins</Filter>
    </ClInclude>
    <ClInclude Include="..\sdk\include\vlc\plugins\vlc_vout.h">
      <Filter>Header Files\vlc-sdk\plugins</Filter>
    </ClInclude>
    <ClInclude Include="..\sdk\include\vlc\plugins\vlc_vout_display.h">
      <Filter>Header Files\vlc-sdk\plugins</Filter>
    </ClInclude>
    <ClInclude Include="..\sdk\include\vlc\plugins\vlc_vout_osd.h">
      <Filter>Header Files\vlc-sdk\plugins</Filter>
    </ClInclude>
    <ClInclude Include="..\sdk\include\vlc\plugins\vlc_vout_window.h">
      <Filter>Header Files\vlc-sdk\plugins</Filter>
    </ClInclude>
    <ClInclude Include="..\sdk\include\vlc\plugins\vlc_xlib.h">
      <Filter>Header Files\vlc-sdk\plugins</Filter>
    </ClInclude>
    <ClInclude Include="..\sdk\include\vlc\plugins\vlc_xml.h">
      <Filter>Header Files\vlc-sdk\plugins</Filter>
    </ClInclude>
  </ItemGroup>
</Project>